
Microsoft Visual Studio Solution File, Format Version 12.00
# Visual Studio 15
VisualStudioVersion = 15.0.28307.757
MinimumVisualStudioVersion = 10.0.40219.1
Project("{FAE04EC0-301F-11D3-BF4B-00C04F79EFBC}") = "Animal", "Animal\Animal.csproj", "{EAC12491-0D52-44E5-8C93-4C1D64895018}"
EndProject
Global
	GlobalSection(SolutionConfigurationPlatforms) = preSolution
		Debug|Any CPU = Debug|Any CPU
		Release|Any CPU = Release|Any CPU
	EndGlobalSection
	GlobalSection(ProjectConfigurationPlatforms) = postSolution
		{EAC12491-0D52-44E5-8C93-4C1D64895018}.Debug|Any CPU.ActiveCfg = Debug|Any CPU
		{EAC12491-0D52-44E5-8C93-4C1D64895018}.Debug|Any CPU.Build.0 = Debug|Any CPU
		{EAC12491-0D52-44E5-8C93-4C1D64895018}.Release|Any CPU.ActiveCfg = Release|Any CPU
		{EAC12491-0D52-44E5-8C93-4C1D64895018}.Release|Any CPU.Build.0 = Release|Any CPU
	EndGlobalSection
	GlobalSection(SolutionProperties) = preSolution
		HideSolutionNode = FALSE
	EndGlobalSection
	GlobalSection(ExtensibilityGlobals) = postSolution
		SolutionGuid = {34D4DC60-43D4-4F76-892C-AE8998D4F94C}
	EndGlobalSection
EndGlobal
